// !$*UTF8*$!
{
	archiveVersion = 1;
	classes = {
	};
	objectVersion = 55;
	objects = {

/* Begin PBXBuildFile section */
		2E088F1C9FD409E5AC17717F /* AppLovinQualityService.xcframework in AppLovinQualityService Embed Framework */ = {isa = PBXBuildFile; fileRef = 7D8C0131741AB8F5E9E47CE6 /* AppLovinQualityService.xcframework */; settings = {ATTRIBUTES = (CodeSignOnCopy, RemoveHeadersOnCopy, ); }; };
		2E14278480F5FA677678301F /* AppLovinQualityService.xcframework in Frameworks */ = {isa = PBXBuildFile; fileRef = 7D8C0131741AB8F5E9E47CE6 /* AppLovinQualityService.xcframework */; };
		B4CB05012887AB4E001C38B9 /* AdSupport.framework in Frameworks */ = {isa = PBXBuildFile; fileRef = B4CB05002887AB4E001C38B9 /* AdSupport.framework */; };
		B4CB05032887AB65001C38B9 /* AppTrackingTransparency.framework in Frameworks */ = {isa = PBXBuildFile; fileRef = B4CB05022887AB65001C38B9 /* AppTrackingTransparency.framework */; };
		B4CB05052887AB6D001C38B9 /* AudioToolbox.framework in Frameworks */ = {isa = PBXBuildFile; fileRef = B4CB05042887AB6D001C38B9 /* AudioToolbox.framework */; };
		B4CB05072887AB72001C38B9 /* AVFoundation.framework in Frameworks */ = {isa = PBXBuildFile; fileRef = B4CB05062887AB72001C38B9 /* AVFoundation.framework */; };
		B4CB05092887AB78001C38B9 /* CoreGraphics.framework in Frameworks */ = {isa = PBXBuildFile; fileRef = B4CB05082887AB78001C38B9 /* CoreGraphics.framework */; };
		B4CB050B2887AB7D001C38B9 /* CoreMedia.framework in Frameworks */ = {isa = PBXBuildFile; fileRef = B4CB050A2887AB7D001C38B9 /* CoreMedia.framework */; };
		B4CB050D2887AB83001C38B9 /* CoreMotion.framework in Frameworks */ = {isa = PBXBuildFile; fileRef = B4CB050C2887AB83001C38B9 /* CoreMotion.framework */; };
		B4CB050F2887AB8A001C38B9 /* CoreTelephony.framework in Frameworks */ = {isa = PBXBuildFile; fileRef = B4CB050E2887AB8A001C38B9 /* CoreTelephony.framework */; };
		B4CB05112887AB93001C38B9 /* Foundation.framework in Frameworks */ = {isa = PBXBuildFile; fileRef = B4CB05102887AB93001C38B9 /* Foundation.framework */; };
		B4CB05132887AB99001C38B9 /* MessageUI.framework in Frameworks */ = {isa = PBXBuildFile; fileRef = B4CB05122887AB99001C38B9 /* MessageUI.framework */; };
		B4CB051B2887ABF8001C38B9 /* SafariServices.framework in Frameworks */ = {isa = PBXBuildFile; fileRef = B4CB051A2887ABF8001C38B9 /* SafariServices.framework */; };
		B4CB051D2887ABFE001C38B9 /* StoreKit.framework in Frameworks */ = {isa = PBXBuildFile; fileRef = B4CB051C2887ABFE001C38B9 /* StoreKit.framework */; };
		B4CB051F2887AC04001C38B9 /* SystemConfiguration.framework in Frameworks */ = {isa = PBXBuildFile; fileRef = B4CB051E2887AC04001C38B9 /* SystemConfiguration.framework */; };
		B4CB05212887AC09001C38B9 /* UIKit.framework in Frameworks */ = {isa = PBXBuildFile; fileRef = B4CB05202887AC09001C38B9 /* UIKit.framework */; };
		B4CB05232887AC0E001C38B9 /* WebKit.framework in Frameworks */ = {isa = PBXBuildFile; fileRef = B4CB05222887AC0E001C38B9 /* WebKit.framework */; };
		B4CB05242887AC5D001C38B9 /* libz.tbd in Frameworks */ = {isa = PBXBuildFile; fileRef = B4CB05192887ABA4001C38B9 /* libz.tbd */; };
		B4CB05252887AC71001C38B9 /* libz.1.tbd in Frameworks */ = {isa = PBXBuildFile; fileRef = B4CB05142887ABA4001C38B9 /* libz.1.tbd */; };
		B4CB05262887AC75001C38B9 /* libz.1.2.8.tbd in Frameworks */ = {isa = PBXBuildFile; fileRef = B4CB05182887ABA4001C38B9 /* libz.1.2.8.tbd */; };
		B4CB05272887AC7A001C38B9 /* libz.1.2.5.tbd in Frameworks */ = {isa = PBXBuildFile; fileRef = B4CB05172887ABA4001C38B9 /* libz.1.2.5.tbd */; };
		B4CB05282887AC80001C38B9 /* libz.1.2.11.tbd in Frameworks */ = {isa = PBXBuildFile; fileRef = B4CB05152887ABA4001C38B9 /* libz.1.2.11.tbd */; };
		B4CB05292887AC86001C38B9 /* libz.1.1.3.tbd in Frameworks */ = {isa = PBXBuildFile; fileRef = B4CB05162887ABA4001C38B9 /* libz.1.1.3.tbd */; };
		B4CB8E65288816BB0055043D /* MTGSDKInterstitialVideo.xcframework in Frameworks */ = {isa = PBXBuildFile; fileRef = B4CB8E48288816BB0055043D /* MTGSDKInterstitialVideo.xcframework */; };
		B4CB8E66288816BB0055043D /* MTGSDKBanner.xcframework in Frameworks */ = {isa = PBXBuildFile; fileRef = B4CB8E49288816BB0055043D /* MTGSDKBanner.xcframework */; };
		B4CB8E67288816BB0055043D /* MTGSDKBidding.xcframework in Frameworks */ = {isa = PBXBuildFile; fileRef = B4CB8E4A288816BB0055043D /* MTGSDKBidding.xcframework */; };
		B4CB8E68288816BB0055043D /* MTGSDKReward.xcframework in Frameworks */ = {isa = PBXBuildFile; fileRef = B4CB8E4B288816BB0055043D /* MTGSDKReward.xcframework */; };
		B4CB8E69288816BB0055043D /* MTGSDKInterstitial.xcframework in Frameworks */ = {isa = PBXBuildFile; fileRef = B4CB8E4C288816BB0055043D /* MTGSDKInterstitial.xcframework */; };
		B4CB8E6A288816BB0055043D /* MTGSDKNativeAdvanced.xcframework in Frameworks */ = {isa = PBXBuildFile; fileRef = B4CB8E4D288816BB0055043D /* MTGSDKNativeAdvanced.xcframework */; };
		B4CB8E6B288816BB0055043D /* MTGSDKSplash.xcframework in Frameworks */ = {isa = PBXBuildFile; fileRef = B4CB8E4E288816BB0055043D /* MTGSDKSplash.xcframework */; };
		B4CB8E6C288816BB0055043D /* LICENSE.txt in Resources */ = {isa = PBXBuildFile; fileRef = B4CB8E4F288816BB0055043D /* LICENSE.txt */; };
		B4CB8E6D288816BB0055043D /* MTGSDKNewInterstitial.xcframework in Frameworks */ = {isa = PBXBuildFile; fileRef = B4CB8E50288816BB0055043D /* MTGSDKNewInterstitial.xcframework */; };
		B4CB8E6E288816BB0055043D /* MTGSDK.xcframework in Frameworks */ = {isa = PBXBuildFile; fileRef = B4CB8E51288816BB0055043D /* MTGSDK.xcframework */; };
		B4CB8E6F288816BB0055043D /* nanopb.xcframework in Frameworks */ = {isa = PBXBuildFile; fileRef = B4CB8E53288816BB0055043D /* nanopb.xcframework */; };
		B4CB8E70288816BB0055043D /* Promises-LICENSE in Resources */ = {isa = PBXBuildFile; fileRef = B4CB8E55288816BB0055043D /* Promises-LICENSE */; };
		B4CB8E71288816BB0055043D /* NanoPB-LICENSE in Resources */ = {isa = PBXBuildFile; fileRef = B4CB8E56288816BB0055043D /* NanoPB-LICENSE */; };
		B4CB8E72288816BC0055043D /* OpenMeasurement-LICENSE in Resources */ = {isa = PBXBuildFile; fileRef = B4CB8E57288816BB0055043D /* OpenMeasurement-LICENSE */; };
		B4CB8E73288816BC0055043D /* GoogleUtilities-LICENSE in Resources */ = {isa = PBXBuildFile; fileRef = B4CB8E58288816BB0055043D /* GoogleUtilities-LICENSE */; };
		B4CB8E74288816BC0055043D /* GoogleAppMeasurementIdentitySupport.xcframework in Frameworks */ = {isa = PBXBuildFile; fileRef = B4CB8E59288816BB0055043D /* GoogleAppMeasurementIdentitySupport.xcframework */; };
		B4CB8E75288816BC0055043D /* PromisesObjC.xcframework in Frameworks */ = {isa = PBXBuildFile; fileRef = B4CB8E5A288816BB0055043D /* PromisesObjC.xcframework */; };
		B4CB8E76288816BC0055043D /* UserMessagingPlatform.xcframework in Frameworks */ = {isa = PBXBuildFile; fileRef = B4CB8E5B288816BB0055043D /* UserMessagingPlatform.xcframework */; };
		B4CB8E77288816BC0055043D /* GoogleMobileAds.xcframework in Frameworks */ = {isa = PBXBuildFile; fileRef = B4CB8E5C288816BB0055043D /* GoogleMobileAds.xcframework */; };
		B4CB8E78288816BC0055043D /* GoogleAppMeasurement.xcframework in Frameworks */ = {isa = PBXBuildFile; fileRef = B4CB8E5D288816BB0055043D /* GoogleAppMeasurement.xcframework */; };
		B4CB8E79288816BC0055043D /* GoogleUtilities.xcframework in Frameworks */ = {isa = PBXBuildFile; fileRef = B4CB8E5E288816BB0055043D /* GoogleUtilities.xcframework */; };
		B4CB8E7A288816BC0055043D /* IronSource.xcframework in Frameworks */ = {isa = PBXBuildFile; fileRef = B4CB8E60288816BB0055043D /* IronSource.xcframework */; };
		B4CB8E7B288816BC0055043D /* IronSource.framework in Frameworks */ = {isa = PBXBuildFile; fileRef = B4CB8E61288816BB0055043D /* IronSource.framework */; };
		B4CB8E7C288816BC0055043D /* LICENSE in Resources */ = {isa = PBXBuildFile; fileRef = B4CB8E63288816BB0055043D /* LICENSE */; };
		B4CB8E7D288816BC0055043D /* UnityAds.xcframework in Frameworks */ = {isa = PBXBuildFile; fileRef = B4CB8E64288816BB0055043D /* UnityAds.xcframework */; };
		B4CB8E82288816DC0055043D /* AppLovinMediationUnityAdsAdapter.framework in Frameworks */ = {isa = PBXBuildFile; fileRef = B4CB8E7E288816DC0055043D /* AppLovinMediationUnityAdsAdapter.framework */; };
		B4CB8E83288816DC0055043D /* AppLovinMediationGoogleAdapter.xcframework in Frameworks */ = {isa = PBXBuildFile; fileRef = B4CB8E7F288816DC0055043D /* AppLovinMediationGoogleAdapter.xcframework */; };
		B4CB8E84288816DC0055043D /* AppLovinMediationMintegralAdapter.xcframework in Frameworks */ = {isa = PBXBuildFile; fileRef = B4CB8E80288816DC0055043D /* AppLovinMediationMintegralAdapter.xcframework */; };
		B4CB8E85288816DC0055043D /* AppLovinMediationIronSourceAdapter.xcframework in Frameworks */ = {isa = PBXBuildFile; fileRef = B4CB8E81288816DC0055043D /* AppLovinMediationIronSourceAdapter.xcframework */; };
		B4F72FD62887A54B009D1A8C /* AppDelegate.swift in Sources */ = {isa = PBXBuildFile; fileRef = B4F72FD52887A54B009D1A8C /* AppDelegate.swift */; };
		B4F72FD82887A54B009D1A8C /* SceneDelegate.swift in Sources */ = {isa = PBXBuildFile; fileRef = B4F72FD72887A54B009D1A8C /* SceneDelegate.swift */; };
		B4F72FDA2887A54B009D1A8C /* ViewController.swift in Sources */ = {isa = PBXBuildFile; fileRef = B4F72FD92887A54B009D1A8C /* ViewController.swift */; };
		B4F72FDD2887A54B009D1A8C /* Main.storyboard in Resources */ = {isa = PBXBuildFile; fileRef = B4F72FDB2887A54B009D1A8C /* Main.storyboard */; };
		B4F72FDF2887A54C009D1A8C /* Assets.xcassets in Resources */ = {isa = PBXBuildFile; fileRef = B4F72FDE2887A54C009D1A8C /* Assets.xcassets */; };
		B4F72FE22887A54C009D1A8C /* LaunchScreen.storyboard in Resources */ = {isa = PBXBuildFile; fileRef = B4F72FE02887A54C009D1A8C /* LaunchScreen.storyboard */; };
		B4F72FEB2887A753009D1A8C /* AppLovinSDK.xcframework in Frameworks */ = {isa = PBXBuildFile; fileRef = B4F72FEA2887A753009D1A8C /* AppLovinSDK.xcframework */; };
		B4F72FED2887A798009D1A8C /* AppLovinSDKResources.bundle in Resources */ = {isa = PBXBuildFile; fileRef = B4F72FEC2887A798009D1A8C /* AppLovinSDKResources.bundle */; };
/* End PBXBuildFile section */

/* Begin PBXCopyFilesBuildPhase section */
		59E316B1F7389A4FE729160A /* AppLovinQualityService Embed Framework */ = {
			isa = PBXCopyFilesBuildPhase;
			buildActionMask = 2147483647;
			dstPath = "";
			dstSubfolderSpec = 10;
			files = (
				2E088F1C9FD409E5AC17717F /* AppLovinQualityService.xcframework in AppLovinQualityService Embed Framework */,
			);
			name = "AppLovinQualityService Embed Framework";
			runOnlyForDeploymentPostprocessing = 0;
		};
/* End PBXCopyFilesBuildPhase section */

/* Begin PBXFileReference section */
		7D8C0131741AB8F5E9E47CE6 /* AppLovinQualityService.xcframework */ = {isa = PBXFileReference; includeInIndex = 1; lastKnownFileType = wrapper.xcframework; name = AppLovinQualityService.xcframework; path = AppLovinQualityService/AppLovinQualityService.xcframework; sourceTree = "<group>"; };
		B4CB05002887AB4E001C38B9 /* AdSupport.framework */ = {isa = PBXFileReference; lastKnownFileType = wrapper.framework; name = AdSupport.framework; path = System/Library/Frameworks/AdSupport.framework; sourceTree = SDKROOT; };
		B4CB05022887AB65001C38B9 /* AppTrackingTransparency.framework */ = {isa = PBXFileReference; lastKnownFileType = wrapper.framework; name = AppTrackingTransparency.framework; path = System/Library/Frameworks/AppTrackingTransparency.framework; sourceTree = SDKROOT; };
		B4CB05042887AB6D001C38B9 /* AudioToolbox.framework */ = {isa = PBXFileReference; lastKnownFileType = wrapper.framework; name = AudioToolbox.framework; path = System/Library/Frameworks/AudioToolbox.framework; sourceTree = SDKROOT; };
		B4CB05062887AB72001C38B9 /* AVFoundation.framework */ = {isa = PBXFileReference; lastKnownFileType = wrapper.framework; name = AVFoundation.framework; path = System/Library/Frameworks/AVFoundation.framework; sourceTree = SDKROOT; };
		B4CB05082887AB78001C38B9 /* CoreGraphics.framework */ = {isa = PBXFileReference; lastKnownFileType = wrapper.framework; name = CoreGraphics.framework; path = System/Library/Frameworks/CoreGraphics.framework; sourceTree = SDKROOT; };
		B4CB050A2887AB7D001C38B9 /* CoreMedia.framework */ = {isa = PBXFileReference; lastKnownFileType = wrapper.framework; name = CoreMedia.framework; path = System/Library/Frameworks/CoreMedia.framework; sourceTree = SDKROOT; };
		B4CB050C2887AB83001C38B9 /* CoreMotion.framework */ = {isa = PBXFileReference; lastKnownFileType = wrapper.framework; name = CoreMotion.framework; path = System/Library/Frameworks/CoreMotion.framework; sourceTree = SDKROOT; };
		B4CB050E2887AB8A001C38B9 /* CoreTelephony.framework */ = {isa = PBXFileReference; lastKnownFileType = wrapper.framework; name = CoreTelephony.framework; path = System/Library/Frameworks/CoreTelephony.framework; sourceTree = SDKROOT; };
		B4CB05102887AB93001C38B9 /* Foundation.framework */ = {isa = PBXFileReference; lastKnownFileType = wrapper.framework; name = Foundation.framework; path = System/Library/Frameworks/Foundation.framework; sourceTree = SDKROOT; };
		B4CB05122887AB99001C38B9 /* MessageUI.framework */ = {isa = PBXFileReference; lastKnownFileType = wrapper.framework; name = MessageUI.framework; path = System/Library/Frameworks/MessageUI.framework; sourceTree = SDKROOT; };
		B4CB05142887ABA4001C38B9 /* libz.1.tbd */ = {isa = PBXFileReference; lastKnownFileType = "sourcecode.text-based-dylib-definition"; name = libz.1.tbd; path = usr/lib/libz.1.tbd; sourceTree = SDKROOT; };
		B4CB05152887ABA4001C38B9 /* libz.1.2.11.tbd */ = {isa = PBXFileReference; lastKnownFileType = "sourcecode.text-based-dylib-definition"; name = libz.1.2.11.tbd; path = usr/lib/libz.1.2.11.tbd; sourceTree = SDKROOT; };
		B4CB05162887ABA4001C38B9 /* libz.1.1.3.tbd */ = {isa = PBXFileReference; lastKnownFileType = "sourcecode.text-based-dylib-definition"; name = libz.1.1.3.tbd; path = usr/lib/libz.1.1.3.tbd; sourceTree = SDKROOT; };
		B4CB05172887ABA4001C38B9 /* libz.1.2.5.tbd */ = {isa = PBXFileReference; lastKnownFileType = "sourcecode.text-based-dylib-definition"; name = libz.1.2.5.tbd; path = usr/lib/libz.1.2.5.tbd; sourceTree = SDKROOT; };
		B4CB05182887ABA4001C38B9 /* libz.1.2.8.tbd */ = {isa = PBXFileReference; lastKnownFileType = "sourcecode.text-based-dylib-definition"; name = libz.1.2.8.tbd; path = usr/lib/libz.1.2.8.tbd; sourceTree = SDKROOT; };
		B4CB05192887ABA4001C38B9 /* libz.tbd */ = {isa = PBXFileReference; lastKnownFileType = "sourcecode.text-based-dylib-definition"; name = libz.tbd; path = usr/lib/libz.tbd; sourceTree = SDKROOT; };
		B4CB051A2887ABF8001C38B9 /* SafariServices.framework */ = {isa = PBXFileReference; lastKnownFileType = wrapper.framework; name = SafariServices.framework; path = System/Library/Frameworks/SafariServices.framework; sourceTree = SDKROOT; };
		B4CB051C2887ABFE001C38B9 /* StoreKit.framework */ = {isa = PBXFileReference; lastKnownFileType = wrapper.framework; name = StoreKit.framework; path = System/Library/Frameworks/StoreKit.framework; sourceTree = SDKROOT; };
		B4CB051E2887AC04001C38B9 /* SystemConfiguration.framework */ = {isa = PBXFileReference; lastKnownFileType = wrapper.framework; name = SystemConfiguration.framework; path = System/Library/Frameworks/SystemConfiguration.framework; sourceTree = SDKROOT; };
		B4CB05202887AC09001C38B9 /* UIKit.framework */ = {isa = PBXFileReference; lastKnownFileType = wrapper.framework; name = UIKit.framework; path = System/Library/Frameworks/UIKit.framework; sourceTree = SDKROOT; };
		B4CB05222887AC0E001C38B9 /* WebKit.framework */ = {isa = PBXFileReference; lastKnownFileType = wrapper.framework; name = WebKit.framework; path = System/Library/Frameworks/WebKit.framework; sourceTree = SDKROOT; };
		B4CB8E48288816BB0055043D /* MTGSDKInterstitialVideo.xcframework */ = {isa = PBXFileReference; lastKnownFileType = wrapper.xcframework; path = MTGSDKInterstitialVideo.xcframework; sourceTree = "<group>"; };
		B4CB8E49288816BB0055043D /* MTGSDKBanner.xcframework */ = {isa = PBXFileReference; lastKnownFileType = wrapper.xcframework; path = MTGSDKBanner.xcframework; sourceTree = "<group>"; };
		B4CB8E4A288816BB0055043D /* MTGSDKBidding.xcframework */ = {isa = PBXFileReference; lastKnownFileType = wrapper.xcframework; path = MTGSDKBidding.xcframework; sourceTree = "<group>"; };
		B4CB8E4B288816BB0055043D /* MTGSDKReward.xcframework */ = {isa = PBXFileReference; lastKnownFileType = wrapper.xcframework; path = MTGSDKReward.xcframework; sourceTree = "<group>"; };
		B4CB8E4C288816BB0055043D /* MTGSDKInterstitial.xcframework */ = {isa = PBXFileReference; lastKnownFileType = wrapper.xcframework; path = MTGSDKInterstitial.xcframework; sourceTree = "<group>"; };
		B4CB8E4D288816BB0055043D /* MTGSDKNativeAdvanced.xcframework */ = {isa = PBXFileReference; lastKnownFileType = wrapper.xcframework; path = MTGSDKNativeAdvanced.xcframework; sourceTree = "<group>"; };
		B4CB8E4E288816BB0055043D /* MTGSDKSplash.xcframework */ = {isa = PBXFileReference; lastKnownFileType = wrapper.xcframework; path = MTGSDKSplash.xcframework; sourceTree = "<group>"; };
		B4CB8E4F288816BB0055043D /* LICENSE.txt */ = {isa = PBXFileReference; fileEncoding = 4; lastKnownFileType = text; path = LICENSE.txt; sourceTree = "<group>"; };
		B4CB8E50288816BB0055043D /* MTGSDKNewInterstitial.xcframework */ = {isa = PBXFileReference; lastKnownFileType = wrapper.xcframework; path = MTGSDKNewInterstitial.xcframework; sourceTree = "<group>"; };
		B4CB8E51288816BB0055043D /* MTGSDK.xcframework */ = {isa = PBXFileReference; lastKnownFileType = wrapper.xcframework; path = MTGSDK.xcframework; sourceTree = "<group>"; };
		B4CB8E53288816BB0055043D /* nanopb.xcframework */ = {isa = PBXFileReference; lastKnownFileType = wrapper.xcframework; path = nanopb.xcframework; sourceTree = "<group>"; };
		B4CB8E55288816BB0055043D /* Promises-LICENSE */ = {isa = PBXFileReference; fileEncoding = 4; lastKnownFileType = text; path = "Promises-LICENSE"; sourceTree = "<group>"; };
		B4CB8E56288816BB0055043D /* NanoPB-LICENSE */ = {isa = PBXFileReference; fileEncoding = 4; lastKnownFileType = text; path = "NanoPB-LICENSE"; sourceTree = "<group>"; };
		B4CB8E57288816BB0055043D /* OpenMeasurement-LICENSE */ = {isa = PBXFileReference; fileEncoding = 4; lastKnownFileType = text; path = "OpenMeasurement-LICENSE"; sourceTree = "<group>"; };
		B4CB8E58288816BB0055043D /* GoogleUtilities-LICENSE */ = {isa = PBXFileReference; fileEncoding = 4; lastKnownFileType = text; path = "GoogleUtilities-LICENSE"; sourceTree = "<group>"; };
		B4CB8E59288816BB0055043D /* GoogleAppMeasurementIdentitySupport.xcframework */ = {isa = PBXFileReference; lastKnownFileType = wrapper.xcframework; path = GoogleAppMeasurementIdentitySupport.xcframework; sourceTree = "<group>"; };
		B4CB8E5A288816BB0055043D /* PromisesObjC.xcframework */ = {isa = PBXFileReference; lastKnownFileType = wrapper.xcframework; path = PromisesObjC.xcframework; sourceTree = "<group>"; };
		B4CB8E5B288816BB0055043D /* UserMessagingPlatform.xcframework */ = {isa = PBXFileReference; lastKnownFileType = wrapper.xcframework; path = UserMessagingPlatform.xcframework; sourceTree = "<group>"; };
		B4CB8E5C288816BB0055043D /* GoogleMobileAds.xcframework */ = {isa = PBXFileReference; lastKnownFileType = wrapper.xcframework; path = GoogleMobileAds.xcframework; sourceTree = "<group>"; };
		B4CB8E5D288816BB0055043D /* GoogleAppMeasurement.xcframework */ = {isa = PBXFileReference; lastKnownFileType = wrapper.xcframework; path = GoogleAppMeasurement.xcframework; sourceTree = "<group>"; };
		B4CB8E5E288816BB0055043D /* GoogleUtilities.xcframework */ = {isa = PBXFileReference; lastKnownFileType = wrapper.xcframework; path = GoogleUtilities.xcframework; sourceTree = "<group>"; };
		B4CB8E60288816BB0055043D /* IronSource.xcframework */ = {isa = PBXFileReference; lastKnownFileType = wrapper.xcframework; path = IronSource.xcframework; sourceTree = "<group>"; };
		B4CB8E61288816BB0055043D /* IronSource.framework */ = {isa = PBXFileReference; lastKnownFileType = wrapper.framework; path = IronSource.framework; sourceTree = "<group>"; };
		B4CB8E63288816BB0055043D /* LICENSE */ = {isa = PBXFileReference; fileEncoding = 4; lastKnownFileType = text; path = LICENSE; sourceTree = "<group>"; };
		B4CB8E64288816BB0055043D /* UnityAds.xcframework */ = {isa = PBXFileReference; lastKnownFileType = wrapper.xcframework; path = UnityAds.xcframework; sourceTree = "<group>"; };
		B4CB8E7E288816DC0055043D /* AppLovinMediationUnityAdsAdapter.framework */ = {isa = PBXFileReference; lastKnownFileType = wrapper.framework; name = AppLovinMediationUnityAdsAdapter.framework; path = adapter/AppLovinMediationUnityAdsAdapter.framework; sourceTree = SOURCE_ROOT; };
		B4CB8E7F288816DC0055043D /* AppLovinMediationGoogleAdapter.xcframework */ = {isa = PBXFileReference; lastKnownFileType = wrapper.xcframework; name = AppLovinMediationGoogleAdapter.xcframework; path = adapter/AppLovinMediationGoogleAdapter.xcframework; sourceTree = SOURCE_ROOT; };
		B4CB8E80288816DC0055043D /* AppLovinMediationMintegralAdapter.xcframework */ = {isa = PBXFileReference; lastKnownFileType = wrapper.xcframework; name = AppLovinMediationMintegralAdapter.xcframework; path = adapter/AppLovinMediationMintegralAdapter.xcframework; sourceTree = SOURCE_ROOT; };
		B4CB8E81288816DC0055043D /* AppLovinMediationIronSourceAdapter.xcframework */ = {isa = PBXFileReference; lastKnownFileType = wrapper.xcframework; name = AppLovinMediationIronSourceAdapter.xcframework; path = adapter/AppLovinMediationIronSourceAdapter.xcframework; sourceTree = SOURCE_ROOT; };
		B4F72FD22887A54B009D1A8C /* maxSdkManual.app */ = {isa = PBXFileReference; explicitFileType = wrapper.application; includeInIndex = 0; path = maxSdkManual.app; sourceTree = BUILT_PRODUCTS_DIR; };
		B4F72FD52887A54B009D1A8C /* AppDelegate.swift */ = {isa = PBXFileReference; lastKnownFileType = sourcecode.swift; path = AppDelegate.swift; sourceTree = "<group>"; };
		B4F72FD72887A54B009D1A8C /* SceneDelegate.swift */ = {isa = PBXFileReference; lastKnownFileType = sourcecode.swift; path = SceneDelegate.swift; sourceTree = "<group>"; };
		B4F72FD92887A54B009D1A8C /* ViewController.swift */ = {isa = PBXFileReference; lastKnownFileType = sourcecode.swift; path = ViewController.swift; sourceTree = "<group>"; };
		B4F72FDC2887A54B009D1A8C /* Base */ = {isa = PBXFileReference; lastKnownFileType = file.storyboard; name = Base; path = Base.lproj/Main.storyboard; sourceTree = "<group>"; };
		B4F72FDE2887A54C009D1A8C /* Assets.xcassets */ = {isa = PBXFileReference; lastKnownFileType = folder.assetcatalog; path = Assets.xcassets; sourceTree = "<group>"; };
		B4F72FE12887A54C009D1A8C /* Base */ = {isa = PBXFileReference; lastKnownFileType = file.storyboard; name = Base; path = Base.lproj/LaunchScreen.storyboard; sourceTree = "<group>"; };
		B4F72FE32887A54C009D1A8C /* Info.plist */ = {isa = PBXFileReference; lastKnownFileType = text.plist.xml; path = Info.plist; sourceTree = "<group>"; };
		B4F72FEA2887A753009D1A8C /* AppLovinSDK.xcframework */ = {isa = PBXFileReference; lastKnownFileType = wrapper.xcframework; name = AppLovinSDK.xcframework; path = sdk/AppLovinSDK.xcframework; sourceTree = SOURCE_ROOT; };
		B4F72FEC2887A798009D1A8C /* AppLovinSDKResources.bundle */ = {isa = PBXFileReference; lastKnownFileType = "wrapper.plug-in"; name = AppLovinSDKResources.bundle; path = sdk/AppLovinSDKResources.bundle; sourceTree = "<group>"; };
/* End PBXFileReference section */

/* Begin PBXFrameworksBuildPhase section */
		B4F72FCF2887A54B009D1A8C /* Frameworks */ = {
			isa = PBXFrameworksBuildPhase;
			buildActionMask = 2147483647;
			files = (
				B4CB8E78288816BC0055043D /* GoogleAppMeasurement.xcframework in Frameworks */,
				2E14278480F5FA677678301F /* AppLovinQualityService.xcframework in Frameworks */,
				B4CB8E85288816DC0055043D /* AppLovinMediationIronSourceAdapter.xcframework in Frameworks */,
				B4CB05292887AC86001C38B9 /* libz.1.1.3.tbd in Frameworks */,
				B4CB05092887AB78001C38B9 /* CoreGraphics.framework in Frameworks */,
				B4CB05032887AB65001C38B9 /* AppTrackingTransparency.framework in Frameworks */,
				B4CB8E68288816BB0055043D /* MTGSDKReward.xcframework in Frameworks */,
				B4CB8E84288816DC0055043D /* AppLovinMediationMintegralAdapter.xcframework in Frameworks */,
				B4CB8E7A288816BC0055043D /* IronSource.xcframework in Frameworks */,
				B4CB05262887AC75001C38B9 /* libz.1.2.8.tbd in Frameworks */,
				B4CB8E7B288816BC0055043D /* IronSource.framework in Frameworks */,
				B4CB05232887AC0E001C38B9 /* WebKit.framework in Frameworks */,
				B4CB051B2887ABF8001C38B9 /* SafariServices.framework in Frameworks */,
				B4F72FEB2887A753009D1A8C /* AppLovinSDK.xcframework in Frameworks */,
				B4CB05212887AC09001C38B9 /* UIKit.framework in Frameworks */,
				B4CB05072887AB72001C38B9 /* AVFoundation.framework in Frameworks */,
				B4CB05242887AC5D001C38B9 /* libz.tbd in Frameworks */,
				B4CB8E67288816BB0055043D /* MTGSDKBidding.xcframework in Frameworks */,
				B4CB05282887AC80001C38B9 /* libz.1.2.11.tbd in Frameworks */,
				B4CB05012887AB4E001C38B9 /* AdSupport.framework in Frameworks */,
				B4CB8E6F288816BB0055043D /* nanopb.xcframework in Frameworks */,
				B4CB05112887AB93001C38B9 /* Foundation.framework in Frameworks */,
				B4CB05052887AB6D001C38B9 /* AudioToolbox.framework in Frameworks */,
				B4CB8E6D288816BB0055043D /* MTGSDKNewInterstitial.xcframework in Frameworks */,
				B4CB8E65288816BB0055043D /* MTGSDKInterstitialVideo.xcframework in Frameworks */,
				B4CB8E6E288816BB0055043D /* MTGSDK.xcframework in Frameworks */,
				B4CB8E66288816BB0055043D /* MTGSDKBanner.xcframework in Frameworks */,
				B4CB051F2887AC04001C38B9 /* SystemConfiguration.framework in Frameworks */,
				B4CB8E83288816DC0055043D /* AppLovinMediationGoogleAdapter.xcframework in Frameworks */,
				B4CB05252887AC71001C38B9 /* libz.1.tbd in Frameworks */,
				B4CB8E75288816BC0055043D /* PromisesObjC.xcframework in Frameworks */,
				B4CB8E77288816BC0055043D /* GoogleMobileAds.xcframework in Frameworks */,
				B4CB050B2887AB7D001C38B9 /* CoreMedia.framework in Frameworks */,
				B4CB050F2887AB8A001C38B9 /* CoreTelephony.framework in Frameworks */,
				B4CB8E79288816BC0055043D /* GoogleUtilities.xcframework in Frameworks */,
				B4CB8E69288816BB0055043D /* MTGSDKInterstitial.xcframework in Frameworks */,
				B4CB8E74288816BC0055043D /* GoogleAppMeasurementIdentitySupport.xcframework in Frameworks */,
				B4CB8E7D288816BC0055043D /* UnityAds.xcframework in Frameworks */,
				B4CB8E6A288816BB0055043D /* MTGSDKNativeAdvanced.xcframework in Frameworks */,
				B4CB05132887AB99001C38B9 /* MessageUI.framework in Frameworks */,
				B4CB8E6B288816BB0055043D /* MTGSDKSplash.xcframework in Frameworks */,
				B4CB05272887AC7A001C38B9 /* libz.1.2.5.tbd in Frameworks */,
				B4CB051D2887ABFE001C38B9 /* StoreKit.framework in Frameworks */,
				B4CB8E76288816BC0055043D /* UserMessagingPlatform.xcframework in Frameworks */,
				B4CB050D2887AB83001C38B9 /* CoreMotion.framework in Frameworks */,
				B4CB8E82288816DC0055043D /* AppLovinMediationUnityAdsAdapter.framework in Frameworks */,
			);
			runOnlyForDeploymentPostprocessing = 0;
		};
/* End PBXFrameworksBuildPhase section */

/* Begin PBXGroup section */
		33CD4E772C60BC0D3683D033 /* AppLovinQualityService */ = {
			isa = PBXGroup;
			children = (
				7D8C0131741AB8F5E9E47CE6 /* AppLovinQualityService.xcframework */,
			);
			name = AppLovinQualityService;
			sourceTree = "<group>";
		};
		B4CB04FF2887AB4E001C38B9 /* Frameworks */ = {
			isa = PBXGroup;
			children = (
				B4CB05222887AC0E001C38B9 /* WebKit.framework */,
				B4CB05202887AC09001C38B9 /* UIKit.framework */,
				B4CB051E2887AC04001C38B9 /* SystemConfiguration.framework */,
				B4CB051C2887ABFE001C38B9 /* StoreKit.framework */,
				B4CB051A2887ABF8001C38B9 /* SafariServices.framework */,
				B4CB05162887ABA4001C38B9 /* libz.1.1.3.tbd */,
				B4CB05172887ABA4001C38B9 /* libz.1.2.5.tbd */,
				B4CB05182887ABA4001C38B9 /* libz.1.2.8.tbd */,
				B4CB05152887ABA4001C38B9 /* libz.1.2.11.tbd */,
				B4CB05142887ABA4001C38B9 /* libz.1.tbd */,
				B4CB05192887ABA4001C38B9 /* libz.tbd */,
				B4CB05122887AB99001C38B9 /* MessageUI.framework */,
				B4CB05102887AB93001C38B9 /* Foundation.framework */,
				B4CB050E2887AB8A001C38B9 /* CoreTelephony.framework */,
				B4CB050C2887AB83001C38B9 /* CoreMotion.framework */,
				B4CB050A2887AB7D001C38B9 /* CoreMedia.framework */,
				B4CB05082887AB78001C38B9 /* CoreGraphics.framework */,
				B4CB05062887AB72001C38B9 /* AVFoundation.framework */,
				B4CB05042887AB6D001C38B9 /* AudioToolbox.framework */,
				B4CB05022887AB65001C38B9 /* AppTrackingTransparency.framework */,
				B4CB05002887AB4E001C38B9 /* AdSupport.framework */,
			);
			name = Frameworks;
			sourceTree = "<group>";
		};
		B4CB052A2887B2BE001C38B9 /* adapter */ = {
			isa = PBXGroup;
			children = (
				B4CB8E7F288816DC0055043D /* AppLovinMediationGoogleAdapter.xcframework */,
				B4CB8E81288816DC0055043D /* AppLovinMediationIronSourceAdapter.xcframework */,
				B4CB8E80288816DC0055043D /* AppLovinMediationMintegralAdapter.xcframework */,
				B4CB8E7E288816DC0055043D /* AppLovinMediationUnityAdsAdapter.framework */,
			);
			path = adapter;
			sourceTree = "<group>";
		};
		B4CB8DF42887E5650055043D /* networkSdk */ = {
			isa = PBXGroup;
			children = (
				B4CB8E47288816BB0055043D /* Fmk */,
				B4CB8E52288816BB0055043D /* GoogleMobileAdsSdkiOS-9.7.0 */,
				B4CB8E5F288816BB0055043D /* IronSource */,
				B4CB8E62288816BB0055043D /* UnityAds */,
			);
			path = networkSdk;
			sourceTree = "<group>";
		};
		B4CB8E47288816BB0055043D /* Fmk */ = {
			isa = PBXGroup;
			children = (
				B4CB8E48288816BB0055043D /* MTGSDKInterstitialVideo.xcframework */,
				B4CB8E49288816BB0055043D /* MTGSDKBanner.xcframework */,
				B4CB8E4A288816BB0055043D /* MTGSDKBidding.xcframework */,
				B4CB8E4B288816BB0055043D /* MTGSDKReward.xcframework */,
				B4CB8E4C288816BB0055043D /* MTGSDKInterstitial.xcframework */,
				B4CB8E4D288816BB0055043D /* MTGSDKNativeAdvanced.xcframework */,
				B4CB8E4E288816BB0055043D /* MTGSDKSplash.xcframework */,
				B4CB8E4F288816BB0055043D /* LICENSE.txt */,
				B4CB8E50288816BB0055043D /* MTGSDKNewInterstitial.xcframework */,
				B4CB8E51288816BB0055043D /* MTGSDK.xcframework */,
			);
			name = Fmk;
			path = networkSdk/Fmk;
			sourceTree = SOURCE_ROOT;
		};
		B4CB8E52288816BB0055043D /* GoogleMobileAdsSdkiOS-9.7.0 */ = {
			isa = PBXGroup;
			children = (
				B4CB8E53288816BB0055043D /* nanopb.xcframework */,
				B4CB8E54288816BB0055043D /* Licenses */,
				B4CB8E59288816BB0055043D /* GoogleAppMeasurementIdentitySupport.xcframework */,
				B4CB8E5A288816BB0055043D /* PromisesObjC.xcframework */,
				B4CB8E5B288816BB0055043D /* UserMessagingPlatform.xcframework */,
				B4CB8E5C288816BB0055043D /* GoogleMobileAds.xcframework */,
				B4CB8E5D288816BB0055043D /* GoogleAppMeasurement.xcframework */,
				B4CB8E5E288816BB0055043D /* GoogleUtilities.xcframework */,
			);
			name = "GoogleMobileAdsSdkiOS-9.7.0";
			path = "networkSdk/GoogleMobileAdsSdkiOS-9.7.0";
			sourceTree = SOURCE_ROOT;
		};
		B4CB8E54288816BB0055043D /* Licenses */ = {
			isa = PBXGroup;
			children = (
				B4CB8E55288816BB0055043D /* Promises-LICENSE */,
				B4CB8E56288816BB0055043D /* NanoPB-LICENSE */,
				B4CB8E57288816BB0055043D /* OpenMeasurement-LICENSE */,
				B4CB8E58288816BB0055043D /* GoogleUtilities-LICENSE */,
			);
			path = Licenses;
			sourceTree = "<group>";
		};
		B4CB8E5F288816BB0055043D /* IronSource */ = {
			isa = PBXGroup;
			children = (
				B4CB8E60288816BB0055043D /* IronSource.xcframework */,
				B4CB8E61288816BB0055043D /* IronSource.framework */,
			);
			name = IronSource;
			path = networkSdk/IronSource;
			sourceTree = SOURCE_ROOT;
		};
		B4CB8E62288816BB0055043D /* UnityAds */ = {
			isa = PBXGroup;
			children = (
				B4CB8E63288816BB0055043D /* LICENSE */,
				B4CB8E64288816BB0055043D /* UnityAds.xcframework */,
			);
			name = UnityAds;
			path = networkSdk/UnityAds;
			sourceTree = SOURCE_ROOT;
		};
		B4F72FC92887A54B009D1A8C = {
			isa = PBXGroup;
			children = (
				B4F72FEC2887A798009D1A8C /* AppLovinSDKResources.bundle */,
				B4F72FD42887A54B009D1A8C /* maxSdkManual */,
				B4F72FD32887A54B009D1A8C /* Products */,
				B4CB04FF2887AB4E001C38B9 /* Frameworks */,
				33CD4E772C60BC0D3683D033 /* AppLovinQualityService */,
			);
			sourceTree = "<group>";
		};
		B4F72FD32887A54B009D1A8C /* Products */ = {
			isa = PBXGroup;
			children = (
				B4F72FD22887A54B009D1A8C /* maxSdkManual.app */,
			);
			name = Products;
			sourceTree = "<group>";
		};
		B4F72FD42887A54B009D1A8C /* maxSdkManual */ = {
			isa = PBXGroup;
			children = (
				B4CB8DF42887E5650055043D /* networkSdk */,
				B4CB052A2887B2BE001C38B9 /* adapter */,
				B4F72FE92887A73F009D1A8C /* sdk */,
				B4F72FD52887A54B009D1A8C /* AppDelegate.swift */,
				B4F72FD72887A54B009D1A8C /* SceneDelegate.swift */,
				B4F72FD92887A54B009D1A8C /* ViewController.swift */,
				B4F72FDB2887A54B009D1A8C /* Main.storyboard */,
				B4F72FDE2887A54C009D1A8C /* Assets.xcassets */,
				B4F72FE02887A54C009D1A8C /* LaunchScreen.storyboard */,
				B4F72FE32887A54C009D1A8C /* Info.plist */,
			);
			path = maxSdkManual;
			sourceTree = "<group>";
		};
		B4F72FE92887A73F009D1A8C /* sdk */ = {
			isa = PBXGroup;
			children = (
				B4F72FEA2887A753009D1A8C /* AppLovinSDK.xcframework */,
			);
			path = sdk;
			sourceTree = "<group>";
		};
/* End PBXGroup section */

/* Begin PBXNativeTarget section */
		B4F72FD12887A54B009D1A8C /* maxSdkManual */ = {
			isa = PBXNativeTarget;
			buildConfigurationList = B4F72FE62887A54C009D1A8C /* Build configuration list for PBXNativeTarget "maxSdkManual" */;
			buildPhases = (
				181610AD7E3746E9073ABD5D /* AppLovinQualityService Updater */,
				B4F72FCE2887A54B009D1A8C /* Sources */,
				B4F72FCF2887A54B009D1A8C /* Frameworks */,
				B4F72FD02887A54B009D1A8C /* Resources */,
				59E316B1F7389A4FE729160A /* AppLovinQualityService Embed Framework */,
				2AE9EF50C822DFC9CC746AF0 /* AppLovinQualityService */,
			);
			buildRules = (
			);
			dependencies = (
			);
			name = maxSdkManual;
			productName = maxSdkManual;
			productReference = B4F72FD22887A54B009D1A8C /* maxSdkManual.app */;
			productType = "com.apple.product-type.application";
		};
/* End PBXNativeTarget section */

/* Begin PBXProject section */
		B4F72FCA2887A54B009D1A8C /* Project object */ = {
			isa = PBXProject;
			attributes = {
				BuildIndependentTargetsInParallel = 1;
				LastSwiftUpdateCheck = 1300;
				LastUpgradeCheck = 1300;
				TargetAttributes = {
					B4F72FD12887A54B009D1A8C = {
						CreatedOnToolsVersion = 13.0;
					};
				};
			};
			buildConfigurationList = B4F72FCD2887A54B009D1A8C /* Build configuration list for PBXProject "maxSdkManual" */;
			compatibilityVersion = "Xcode 13.0";
			developmentRegion = en;
			hasScannedForEncodings = 0;
			knownRegions = (
				en,
				Base,
			);
			mainGroup = B4F72FC92887A54B009D1A8C;
			productRefGroup = B4F72FD32887A54B009D1A8C /* Products */;
			projectDirPath = "";
			projectRoot = "";
			targets = (
				B4F72FD12887A54B009D1A8C /* maxSdkManual */,
			);
		};
/* End PBXProject section */

/* Begin PBXResourcesBuildPhase section */
		B4F72FD02887A54B009D1A8C /* Resources */ = {
			isa = PBXResourcesBuildPhase;
			buildActionMask = 2147483647;
			files = (
				B4F72FED2887A798009D1A8C /* AppLovinSDKResources.bundle in Resources */,
				B4F72FE22887A54C009D1A8C /* LaunchScreen.storyboard in Resources */,
				B4F72FDF2887A54C009D1A8C /* Assets.xcassets in Resources */,
				B4CB8E71288816BB0055043D /* NanoPB-LICENSE in Resources */,
				B4CB8E7C288816BC0055043D /* LICENSE in Resources */,
				B4CB8E6C288816BB0055043D /* LICENSE.txt in Resources */,
				B4CB8E70288816BB0055043D /* Promises-LICENSE in Resources */,
				B4CB8E73288816BC0055043D /* GoogleUtilities-LICENSE in Resources */,
				B4F72FDD2887A54B009D1A8C /* Main.storyboard in Resources */,
				B4CB8E72288816BC0055043D /* OpenMeasurement-LICENSE in Resources */,
			);
			runOnlyForDeploymentPostprocessing = 0;
		};
/* End PBXResourcesBuildPhase section */

/* Begin PBXShellScriptBuildPhase section */
		181610AD7E3746E9073ABD5D /* AppLovinQualityService Updater */ = {
			isa = PBXShellScriptBuildPhase;
			alwaysOutOfDate = 1;
			buildActionMask = 2147483647;
			files = (
			);
			inputPaths = (
			);
			name = "AppLovinQualityService Updater";
			outputPaths = (
				AppLovinQualityService/AppLovinQualityServicePlugin.app,
			);
			runOnlyForDeploymentPostprocessing = 0;
			shellPath = /bin/sh;
			shellScript = "ruby \"AppLovinQualityServiceSetup-ios.rb\" update";
		};
		2AE9EF50C822DFC9CC746AF0 /* AppLovinQualityService */ = {
			isa = PBXShellScriptBuildPhase;
			buildActionMask = 2147483647;
			files = (
			);
			inputPaths = (
				AppLovinQualityService/AppLovinQualityServicePlugin.app,
				"$(TARGET_BUILD_DIR)/$(INFOPLIST_PATH)",
				"$(TARGET_BUILD_DIR)/$(EXECUTABLE_PATH)",
				"$(TARGET_BUILD_DIR)/$(FRAMEWORKS_FOLDER_PATH)/UnityFramework.framework/UnityFramework",
			);
			name = AppLovinQualityService;
			outputPaths = (
				"$(TARGET_BUILD_DIR)/$(EXECUTABLE_FOLDER_PATH)/.AppLovinQualityService/AppLovinQualityService.json",
			);
			runOnlyForDeploymentPostprocessing = 0;
			shellPath = /bin/sh;
			shellScript = "AppLovinQualityService/AppLovinQualityServicePlugin.app/Contents/MacOS/AppLovinQualityServicePlugin \"AppLovinQualityServiceSetup-ios.rb\"";
		};
/* End PBXShellScriptBuildPhase section */

/* Begin PBXSourcesBuildPhase section */
		B4F72FCE2887A54B009D1A8C /* Sources */ = {
			isa = PBXSourcesBuildPhase;
			buildActionMask = 2147483647;
			files = (
				B4F72FDA2887A54B009D1A8C /* ViewController.swift in Sources */,
				B4F72FD62887A54B009D1A8C /* AppDelegate.swift in Sources */,
				B4F72FD82887A54B009D1A8C /* SceneDelegate.swift in Sources */,
			);
			runOnlyForDeploymentPostprocessing = 0;
		};
/* End PBXSourcesBuildPhase section */

/* Begin PBXVariantGroup section */
		B4F72FDB2887A54B009D1A8C /* Main.storyboard */ = {
			isa = PBXVariantGroup;
			children = (
				B4F72FDC2887A54B009D1A8C /* Base */,
			);
			name = Main.storyboard;
			sourceTree = "<group>";
		};
		B4F72FE02887A54C009D1A8C /* LaunchScreen.storyboard */ = {
			isa = PBXVariantGroup;
			children = (
				B4F72FE12887A54C009D1A8C /* Base */,
			);
			name = LaunchScreen.storyboard;
			sourceTree = "<group>";
		};
/* End PBXVariantGroup section */

/* Begin XCBuildConfiguration section */
		B4F72FE42887A54C009D1A8C /* Debug */ = {
			isa = XCBuildConfiguration;
			buildSettings = {
				ALWAYS_SEARCH_USER_PATHS = NO;
				CLANG_ANALYZER_NONNULL = YES;
				CLANG_ANALYZER_NUMBER_OBJECT_CONVERSION = YES_AGGRESSIVE;
				CLANG_CXX_LANGUAGE_STANDARD = "gnu++17";
				CLANG_CXX_LIBRARY = "libc++";
				CLANG_ENABLE_MODULES = YES;
				CLANG_ENABLE_OBJC_ARC = YES;
				CLANG_ENABLE_OBJC_WEAK = YES;
				CLANG_WARN_BLOCK_CAPTURE_AUTORELEASING = YES;
				CLANG_WARN_BOOL_CONVERSION = YES;
				CLANG_WARN_COMMA = YES;
				CLANG_WARN_CONSTANT_CONVERSION = YES;
				CLANG_WARN_DEPRECATED_OBJC_IMPLEMENTATIONS = YES;
				CLANG_WARN_DIRECT_OBJC_ISA_USAGE = YES_ERROR;
				CLANG_WARN_DOCUMENTATION_COMMENTS = YES;
				CLANG_WARN_EMPTY_BODY = YES;
				CLANG_WARN_ENUM_CONVERSION = YES;
				CLANG_WARN_INFINITE_RECURSION = YES;
				CLANG_WARN_INT_CONVERSION = YES;
				CLANG_WARN_NON_LITERAL_NULL_CONVERSION = YES;
				CLANG_WARN_OBJC_IMPLICIT_RETAIN_SELF = YES;
				CLANG_WARN_OBJC_LITERAL_CONVERSION = YES;
				CLANG_WARN_OBJC_ROOT_CLASS = YES_ERROR;
				CLANG_WARN_QUOTED_INCLUDE_IN_FRAMEWORK_HEADER = YES;
				CLANG_WARN_RANGE_LOOP_ANALYSIS = YES;
				CLANG_WARN_STRICT_PROTOTYPES = YES;
				CLANG_WARN_SUSPICIOUS_MOVE = YES;
				CLANG_WARN_UNGUARDED_AVAILABILITY = YES_AGGRESSIVE;
				CLANG_WARN_UNREACHABLE_CODE = YES;
				CLANG_WARN__DUPLICATE_METHOD_MATCH = YES;
				COPY_PHASE_STRIP = NO;
				DEBUG_INFORMATION_FORMAT = dwarf;
				ENABLE_STRICT_OBJC_MSGSEND = YES;
				ENABLE_TESTABILITY = YES;
				FRAMEWORK_SEARCH_PATHS = (
					"$(inherited)",
					"$(PROJECT_DIR)/AppLovinQualityService",
				);
				GCC_C_LANGUAGE_STANDARD = gnu11;
				GCC_DYNAMIC_NO_PIC = NO;
				GCC_NO_COMMON_BLOCKS = YES;
				GCC_OPTIMIZATION_LEVEL = 0;
				GCC_PREPROCESSOR_DEFINITIONS = (
					"DEBUG=1",
					"$(inherited)",
				);
				GCC_WARN_64_TO_32_BIT_CONVERSION = YES;
				GCC_WARN_ABOUT_RETURN_TYPE = YES_ERROR;
				GCC_WARN_UNDECLARED_SELECTOR = YES;
				GCC_WARN_UNINITIALIZED_AUTOS = YES_AGGRESSIVE;
				GCC_WARN_UNUSED_FUNCTION = YES;
				GCC_WARN_UNUSED_VARIABLE = YES;
				IPHONEOS_DEPLOYMENT_TARGET = 15.0;
				MTL_ENABLE_DEBUG_INFO = INCLUDE_SOURCE;
				MTL_FAST_MATH = YES;
				ONLY_ACTIVE_ARCH = YES;
				OTHER_LDFLAGS = "-ObjC";
				SDKROOT = iphoneos;
				SWIFT_ACTIVE_COMPILATION_CONDITIONS = DEBUG;
				SWIFT_OPTIMIZATION_LEVEL = "-Onone";
			};
			name = Debug;
		};
		B4F72FE52887A54C009D1A8C /* Release */ = {
			isa = XCBuildConfiguration;
			buildSettings = {
				ALWAYS_SEARCH_USER_PATHS = NO;
				CLANG_ANALYZER_NONNULL = YES;
				CLANG_ANALYZER_NUMBER_OBJECT_CONVERSION = YES_AGGRESSIVE;
				CLANG_CXX_LANGUAGE_STANDARD = "gnu++17";
				CLANG_CXX_LIBRARY = "libc++";
				CLANG_ENABLE_MODULES = YES;
				CLANG_ENABLE_OBJC_ARC = YES;
				CLANG_ENABLE_OBJC_WEAK = YES;
				CLANG_WARN_BLOCK_CAPTURE_AUTORELEASING = YES;
				CLANG_WARN_BOOL_CONVERSION = YES;
				CLANG_WARN_COMMA = YES;
				CLANG_WARN_CONSTANT_CONVERSION = YES;
				CLANG_WARN_DEPRECATED_OBJC_IMPLEMENTATIONS = YES;
				CLANG_WARN_DIRECT_OBJC_ISA_USAGE = YES_ERROR;
				CLANG_WARN_DOCUMENTATION_COMMENTS = YES;
				CLANG_WARN_EMPTY_BODY = YES;
				CLANG_WARN_ENUM_CONVERSION = YES;
				CLANG_WARN_INFINITE_RECURSION = YES;
				CLANG_WARN_INT_CONVERSION = YES;
				CLANG_WARN_NON_LITERAL_NULL_CONVERSION = YES;
				CLANG_WARN_OBJC_IMPLICIT_RETAIN_SELF = YES;
				CLANG_WARN_OBJC_LITERAL_CONVERSION = YES;
				CLANG_WARN_OBJC_ROOT_CLASS = YES_ERROR;
				CLANG_WARN_QUOTED_INCLUDE_IN_FRAMEWORK_HEADER = YES;
				CLANG_WARN_RANGE_LOOP_ANALYSIS = YES;
				CLANG_WARN_STRICT_PROTOTYPES = YES;
				CLANG_WARN_SUSPICIOUS_MOVE = YES;
				CLANG_WARN_UNGUARDED_AVAILABILITY = YES_AGGRESSIVE;
				CLANG_WARN_UNREACHABLE_CODE = YES;
				CLANG_WARN__DUPLICATE_METHOD_MATCH = YES;
				COPY_PHASE_STRIP = NO;
				DEBUG_INFORMATION_FORMAT = "dwarf-with-dsym";
				ENABLE_NS_ASSERTIONS = NO;
				ENABLE_STRICT_OBJC_MSGSEND = YES;
				FRAMEWORK_SEARCH_PATHS = (
					"$(inherited)",
					"$(PROJECT_DIR)/AppLovinQualityService",
				);
				GCC_C_LANGUAGE_STANDARD = gnu11;
				GCC_NO_COMMON_BLOCKS = YES;
				GCC_WARN_64_TO_32_BIT_CONVERSION = YES;
				GCC_WARN_ABOUT_RETURN_TYPE = YES_ERROR;
				GCC_WARN_UNDECLARED_SELECTOR = YES;
				GCC_WARN_UNINITIALIZED_AUTOS = YES_AGGRESSIVE;
				GCC_WARN_UNUSED_FUNCTION = YES;
				GCC_WARN_UNUSED_VARIABLE = YES;
				IPHONEOS_DEPLOYMENT_TARGET = 15.0;
				MTL_ENABLE_DEBUG_INFO = NO;
				MTL_FAST_MATH = YES;
				OTHER_LDFLAGS = "-ObjC";
				SDKROOT = iphoneos;
				SWIFT_COMPILATION_MODE = wholemodule;
				SWIFT_OPTIMIZATION_LEVEL = "-O";
				VALIDATE_PRODUCT = YES;
			};
			name = Release;
		};
		B4F72FE72887A54C009D1A8C /* Debug */ = {
			isa = XCBuildConfiguration;
			buildSettings = {
				ASSETCATALOG_COMPILER_APPICON_NAME = AppIcon;
				ASSETCATALOG_COMPILER_GLOBAL_ACCENT_COLOR_NAME = AccentColor;
				CODE_SIGN_STYLE = Automatic;
				CURRENT_PROJECT_VERSION = 1;
				DEVELOPMENT_TEAM = TPPHJL7HG3;
				FRAMEWORK_SEARCH_PATHS = (
					"$(inherited)",
					"$(inherited)",
					"$(PROJECT_DIR)/adapter/AppLovinMediationUnityAdsAdapter-4.2.1.0",
					"$(PROJECT_DIR)/adapter/AppLovinMediationTapjoyAdapter-12.10.0.1",
					"$(PROJECT_DIR)/adapter/AppLovinMediationLineAdapter-2.3.20210326.0",
					"$(PROJECT_DIR)/adapter/AppLovinMediationNendAdapter-7.3.0.1",
					"$(PROJECT_DIR)/networkSdk",
					"$(PROJECT_DIR)/networkSdk/IronSource",
					"$(PROJECT_DIR)/adapter",
				);
				GENERATE_INFOPLIST_FILE = YES;
				INFOPLIST_FILE = maxSdkManual/Info.plist;
				INFOPLIST_KEY_UIApplicationSupportsIndirectInputEvents = YES;
				INFOPLIST_KEY_UILaunchStoryboardName = LaunchScreen;
				INFOPLIST_KEY_UIMainStoryboardFile = Main;
				INFOPLIST_KEY_UISupportedInterfaceOrientations_iPad = "UIInterfaceOrientationPortrait UIInterfaceOrientationPortraitUpsideDown UIInterfaceOrientationLandscapeLeft UIInterfaceOrientationLandscapeRight";
				INFOPLIST_KEY_UISupportedInterfaceOrientations_iPhone = "UIInterfaceOrientationPortrait UIInterfaceOrientationLandscapeLeft UIInterfaceOrientationLandscapeRight";
				LD_RUNPATH_SEARCH_PATHS = (
					"$(inherited)",
					"@executable_path/Frameworks",
				);
				MARKETING_VERSION = 1.0;
				OTHER_LDFLAGS = (
					"$(inherited)",
					"-ObjC",
				);
				PRODUCT_BUNDLE_IDENTIFIER = com.puyue.maxSdkManual;
				PRODUCT_NAME = "$(TARGET_NAME)";
				SWIFT_EMIT_LOC_STRINGS = YES;
				SWIFT_VERSION = 5.0;
				TARGETED_DEVICE_FAMILY = "1,2";
			};
			name = Debug;
		};
		B4F72FE82887A54C009D1A8C /* Release */ = {
			isa = XCBuildConfiguration;
			buildSettings = {
				ASSETCATALOG_COMPILER_APPICON_NAME = AppIcon;
				ASSETCATALOG_COMPILER_GLOBAL_ACCENT_COLOR_NAME = AccentColor;
				CODE_SIGN_STYLE = Automatic;
				CURRENT_PROJECT_VERSION = 1;
				DEVELOPMENT_TEAM = TPPHJL7HG3;
				FRAMEWORK_SEARCH_PATHS = (
					"$(inherited)",
					"$(inherited)",
					"$(PROJECT_DIR)/adapter/AppLovinMediationUnityAdsAdapter-4.2.1.0",
					"$(PROJECT_DIR)/adapter/AppLovinMediationTapjoyAdapter-12.10.0.1",
					"$(PROJECT_DIR)/adapter/AppLovinMediationLineAdapter-2.3.20210326.0",
					"$(PROJECT_DIR)/adapter/AppLovinMediationNendAdapter-7.3.0.1",
					"$(PROJECT_DIR)/networkSdk",
					"$(PROJECT_DIR)/networkSdk/IronSource",
					"$(PROJECT_DIR)/adapter",
				);
				GENERATE_INFOPLIST_FILE = YES;
				INFOPLIST_FILE = maxSdkManual/Info.plist;
				INFOPLIST_KEY_UIApplicationSupportsIndirectInputEvents = YES;
				INFOPLIST_KEY_UILaunchStoryboardName = LaunchScreen;
				INFOPLIST_KEY_UIMainStoryboardFile = Main;
				INFOPLIST_KEY_UISupportedInterfaceOrientations_iPad = "UIInterfaceOrientationPortrait UIInterfaceOrientationPortraitUpsideDown UIInterfaceOrientationLandscapeLeft UIInterfaceOrientationLandscapeRight";
				INFOPLIST_KEY_UISupportedInterfaceOrientations_iPhone = "UIInterfaceOrientationPortrait UIInterfaceOrientationLandscapeLeft UIInterfaceOrientationLandscapeRight";
				LD_RUNPATH_SEARCH_PATHS = (
					"$(inherited)",
					"@executable_path/Frameworks",
				);
				MARKETING_VERSION = 1.0;
				OTHER_LDFLAGS = (
					"$(inherited)",
					"-ObjC",
				);
				PRODUCT_BUNDLE_IDENTIFIER = com.puyue.maxSdkManual;
				PRODUCT_NAME = "$(TARGET_NAME)";
				SWIFT_EMIT_LOC_STRINGS = YES;
				SWIFT_VERSION = 5.0;
				TARGETED_DEVICE_FAMILY = "1,2";
			};
			name = Release;
		};
/* End XCBuildConfiguration section */

/* Begin XCConfigurationList section */
		B4F72FCD2887A54B009D1A8C /* Build configuration list for PBXProject "maxSdkManual" */ = {
			isa = XCConfigurationList;
			buildConfigurations = (
				B4F72FE42887A54C009D1A8C /* Debug */,
				B4F72FE52887A54C009D1A8C /* Release */,
			);
			defaultConfigurationIsVisible = 0;
			defaultConfigurationName = Release;
		};
		B4F72FE62887A54C009D1A8C /* Build configuration list for PBXNativeTarget "maxSdkManual" */ = {
			isa = XCConfigurationList;
			buildConfigurations = (
				B4F72FE72887A54C009D1A8C /* Debug */,
				B4F72FE82887A54C009D1A8C /* Release */,
			);
			defaultConfigurationIsVisible = 0;
			defaultConfigurationName = Release;
		};
/* End XCConfigurationList section */
	};
	rootObject = B4F72FCA2887A54B009D1A8C /* Project object */;
}
